
Microsoft Visual Studio Solution File, Format Version 11.00
# Visual Studio 2010
Project("{F184B08F-C81C-45F6-A57F-5ABD9991F28F}") = "CRAWFORD_MGR", "CRAWFORD_MGR\CRAWFORD_MGR.vbproj", "{1DE79F86-DB8F-479B-BF89-F5CDA90959C2}"
EndProject
Global
	GlobalSection(SolutionConfigurationPlatforms) = preSolution
		Debug|x86 = Debug|x86
		Release|x86 = Release|x86
	EndGlobalSection
	GlobalSection(ProjectConfigurationPlatforms) = postSolution
		{1DE79F86-DB8F-479B-BF89-F5CDA90959C2}.Debug|x86.ActiveCfg = Debug|x86
		{1DE79F86-DB8F-479B-BF89-F5CDA90959C2}.Debug|x86.Build.0 = Debug|x86
		{1DE79F86-DB8F-479B-BF89-F5CDA90959C2}.Release|x86.ActiveCfg = Release|x86
		{1DE79F86-DB8F-479B-BF89-F5CDA90959C2}.Release|x86.Build.0 = Release|x86
	EndGlobalSection
	GlobalSection(SolutionProperties) = preSolution
		HideSolutionNode = FALSE
	EndGlobalSection
EndGlobal
