
Microsoft Visual Studio Solution File, Format Version 11.00
# Visual Studio 2010
Project("{F184B08F-C81C-45F6-A57F-5ABD9991F28F}") = "PoSH_Wrapper", "PoSH_Wrapper\PoSH_Wrapper.vbproj", "{B12616C6-34D9-448F-BADF-061F7F9910D6}"
EndProject
Global
	GlobalSection(SolutionConfigurationPlatforms) = preSolution
		Debug|x86 = Debug|x86
		Release|x86 = Release|x86
	EndGlobalSection
	GlobalSection(ProjectConfigurationPlatforms) = postSolution
		{B12616C6-34D9-448F-BADF-061F7F9910D6}.Debug|x86.ActiveCfg = Debug|x86
		{B12616C6-34D9-448F-BADF-061F7F9910D6}.Debug|x86.Build.0 = Debug|x86
		{B12616C6-34D9-448F-BADF-061F7F9910D6}.Release|x86.ActiveCfg = Release|x86
		{B12616C6-34D9-448F-BADF-061F7F9910D6}.Release|x86.Build.0 = Release|x86
	EndGlobalSection
	GlobalSection(SolutionProperties) = preSolution
		HideSolutionNode = FALSE
	EndGlobalSection
EndGlobal
